
Microsoft Visual Studio Solution File, Format Version 12.00
# Visual Studio Version 16
VisualStudioVersion = 16.0.31005.135
MinimumVisualStudioVersion = 10.0.40219.1
Project("{9A19103F-16F7-4668-BE54-9A1E7A4F7556}") = "RandomRickAndMorty", "RandomRickAndMorty.csproj", "{96F5B812-A952-444B-AF12-5DFB2454DE4C}"
EndProject
Global
	GlobalSection(SolutionConfigurationPlatforms) = preSolution
		Debug|Any CPU = Debug|Any CPU
		Release|Any CPU = Release|Any CPU
	EndGlobalSection
	GlobalSection(ProjectConfigurationPlatforms) = postSolution
		{96F5B812-A952-444B-AF12-5DFB2454DE4C}.Debug|Any CPU.ActiveCfg = Debug|Any CPU
		{96F5B812-A952-444B-AF12-5DFB2454DE4C}.Debug|Any CPU.Build.0 = Debug|Any CPU
		{96F5B812-A952-444B-AF12-5DFB2454DE4C}.Release|Any CPU.ActiveCfg = Release|Any CPU
		{96F5B812-A952-444B-AF12-5DFB2454DE4C}.Release|Any CPU.Build.0 = Release|Any CPU
	EndGlobalSection
	GlobalSection(SolutionProperties) = preSolution
		HideSolutionNode = FALSE
	EndGlobalSection
	GlobalSection(ExtensibilityGlobals) = postSolution
		SolutionGuid = {8AEA371A-F93C-4AE1-A393-9C6EB9A2EABE}
	EndGlobalSection
EndGlobal
